<Solution>
  <Folder Name="/Demo/">
    <Project Path="JwtDemo/JwtDemo.csproj" />
  </Folder>
  <Folder Name="/Solution Items/">
    <File Path=".editorconfig" />
    <File Path=".github/workflows/publish-beta.yml" />
    <File Path=".github/workflows/publish.yml" />
    <File Path="global.json" />
    <File Path="NuGet.config" />
    <File Path="Readme.MD" />
  </Folder>
  <Project Path="Pek.Permissions/Pek.Permissions.csproj" />
</Solution>
